<Solution>
  <Project Path="AestheticEMR/AestheticEMR.client/AestheticEMR.client.esproj">
    <Build />
    <Deploy />
  </Project>
  <Project Path="AestheticEMR/AestheticEMR.Core/AestheticEMR.Core.csproj" />
  <Project Path="AestheticEMR/AestheticEMR.Server/AestheticEMR.Server.csproj" />
  <Project Path="..\..\DataAccess\DataAccessLibrary\DataAccess\DataAccess.csproj" />
</Solution>



